
Microsoft Visual Studio Solution File, Format Version 12.00
# Visual Studio Version 16
VisualStudioVersion = 16.0.28803.452
MinimumVisualStudioVersion = 10.0.40219.1
Project("{FAE04EC0-301F-11D3-BF4B-00C04F79EFBC}") = "ProgressBar", "ProgressBar\ProgressBar.csproj", "{23BA06D3-3373-425B-A7C9-3803C8A34264}"
EndProject
Global
	GlobalSection(SolutionConfigurationPlatforms) = preSolution
		Debug|Any CPU = Debug|Any CPU
		Release|Any CPU = Release|Any CPU
	EndGlobalSection
	GlobalSection(ProjectConfigurationPlatforms) = postSolution
		{23BA06D3-3373-425B-A7C9-3803C8A34264}.Debug|Any CPU.ActiveCfg = Debug|Any CPU
		{23BA06D3-3373-425B-A7C9-3803C8A34264}.Debug|Any CPU.Build.0 = Debug|Any CPU
		{23BA06D3-3373-425B-A7C9-3803C8A34264}.Release|Any CPU.ActiveCfg = Release|Any CPU
		{23BA06D3-3373-425B-A7C9-3803C8A34264}.Release|Any CPU.Build.0 = Release|Any CPU
	EndGlobalSection
	GlobalSection(SolutionProperties) = preSolution
		HideSolutionNode = FALSE
	EndGlobalSection
	GlobalSection(ExtensibilityGlobals) = postSolution
		SolutionGuid = {EB7AEB9A-89FC-47CD-8018-8BF5DDF977E1}
	EndGlobalSection
EndGlobal
